
Microsoft Visual Studio Solution File, Format Version 12.00
# Visual Studio 15
VisualStudioVersion = 15.0.27004.2002
MinimumVisualStudioVersion = 10.0.40219.1
Project("{FAE04EC0-301F-11D3-BF4B-00C04F79EFBC}") = "ParserSorter", "ParserSorter\ParserSorter.csproj", "{D0FDFF43-C9BA-4596-A637-F1BE1839AE23}"
EndProject
Project("{FAE04EC0-301F-11D3-BF4B-00C04F79EFBC}") = "ParserSorterTest", "ParserSorterTest\ParserSorterTest.csproj", "{219B4F5D-F6FA-4780-B9D2-6E1DDFA02232}"
EndProject
Global
	GlobalSection(SolutionConfigurationPlatforms) = preSolution
		Debug|Any CPU = Debug|Any CPU
		Release|Any CPU = Release|Any CPU
	EndGlobalSection
	GlobalSection(ProjectConfigurationPlatforms) = postSolution
		{D0FDFF43-C9BA-4596-A637-F1BE1839AE23}.Debug|Any CPU.ActiveCfg = Debug|Any CPU
		{D0FDFF43-C9BA-4596-A637-F1BE1839AE23}.Debug|Any CPU.Build.0 = Debug|Any CPU
		{D0FDFF43-C9BA-4596-A637-F1BE1839AE23}.Release|Any CPU.ActiveCfg = Release|Any CPU
		{D0FDFF43-C9BA-4596-A637-F1BE1839AE23}.Release|Any CPU.Build.0 = Release|Any CPU
		{219B4F5D-F6FA-4780-B9D2-6E1DDFA02232}.Debug|Any CPU.ActiveCfg = Debug|Any CPU
		{219B4F5D-F6FA-4780-B9D2-6E1DDFA02232}.Debug|Any CPU.Build.0 = Debug|Any CPU
		{219B4F5D-F6FA-4780-B9D2-6E1DDFA02232}.Release|Any CPU.ActiveCfg = Release|Any CPU
		{219B4F5D-F6FA-4780-B9D2-6E1DDFA02232}.Release|Any CPU.Build.0 = Release|Any CPU
	EndGlobalSection
	GlobalSection(SolutionProperties) = preSolution
		HideSolutionNode = FALSE
	EndGlobalSection
	GlobalSection(ExtensibilityGlobals) = postSolution
		SolutionGuid = {F3836644-5ECB-432A-85D7-3EFAA2712363}
	EndGlobalSection
EndGlobal
